
Microsoft Visual Studio Solution File, Format Version 12.00
# Visual Studio 14
VisualStudioVersion = 14.0.25420.1
MinimumVisualStudioVersion = 10.0.40219.1
Project("{FAE04EC0-301F-11D3-BF4B-00C04F79EFBC}") = "xUnitTests", "xUnitTests\xUnitTests.csproj", "{03D6D20B-D8EC-4D48-ADFC-A5F3ACDE4C1B}"
EndProject
Project("{FAE04EC0-301F-11D3-BF4B-00C04F79EFBC}") = "NUnitTests", "NUnitTests\NUnitTests.csproj", "{468E134E-333E-4CDE-83B2-88C7ECEFF8AB}"
EndProject
Global
	GlobalSection(SolutionConfigurationPlatforms) = preSolution
		Debug|Any CPU = Debug|Any CPU
		Release|Any CPU = Release|Any CPU
	EndGlobalSection
	GlobalSection(ProjectConfigurationPlatforms) = postSolution
		{03D6D20B-D8EC-4D48-ADFC-A5F3ACDE4C1B}.Debug|Any CPU.ActiveCfg = Debug|Any CPU
		{03D6D20B-D8EC-4D48-ADFC-A5F3ACDE4C1B}.Debug|Any CPU.Build.0 = Debug|Any CPU
		{03D6D20B-D8EC-4D48-ADFC-A5F3ACDE4C1B}.Release|Any CPU.ActiveCfg = Release|Any CPU
		{03D6D20B-D8EC-4D48-ADFC-A5F3ACDE4C1B}.Release|Any CPU.Build.0 = Release|Any CPU
		{468E134E-333E-4CDE-83B2-88C7ECEFF8AB}.Debug|Any CPU.ActiveCfg = Debug|Any CPU
		{468E134E-333E-4CDE-83B2-88C7ECEFF8AB}.Debug|Any CPU.Build.0 = Debug|Any CPU
		{468E134E-333E-4CDE-83B2-88C7ECEFF8AB}.Release|Any CPU.ActiveCfg = Release|Any CPU
		{468E134E-333E-4CDE-83B2-88C7ECEFF8AB}.Release|Any CPU.Build.0 = Release|Any CPU
	EndGlobalSection
	GlobalSection(SolutionProperties) = preSolution
		HideSolutionNode = FALSE
	EndGlobalSection
EndGlobal
